
Microsoft Visual Studio Solution File, Format Version 12.00
# Visual Studio Version 17
VisualStudioVersion = 17.1.32421.90
MinimumVisualStudioVersion = 10.0.40219.1
Project("{FAE04EC0-301F-11D3-BF4B-00C04F79EFBC}") = "TheatreAssignment", "TheatreAssignment.csproj", "{ACB2C14B-C0D0-40E8-B290-20DB0E6DC6A9}"
EndProject
Global
	GlobalSection(SolutionConfigurationPlatforms) = preSolution
		Debug|Any CPU = Debug|Any CPU
		Release|Any CPU = Release|Any CPU
	EndGlobalSection
	GlobalSection(ProjectConfigurationPlatforms) = postSolution
		{ACB2C14B-C0D0-40E8-B290-20DB0E6DC6A9}.Debug|Any CPU.ActiveCfg = Debug|Any CPU
		{ACB2C14B-C0D0-40E8-B290-20DB0E6DC6A9}.Debug|Any CPU.Build.0 = Debug|Any CPU
		{ACB2C14B-C0D0-40E8-B290-20DB0E6DC6A9}.Release|Any CPU.ActiveCfg = Release|Any CPU
		{ACB2C14B-C0D0-40E8-B290-20DB0E6DC6A9}.Release|Any CPU.Build.0 = Release|Any CPU
	EndGlobalSection
	GlobalSection(SolutionProperties) = preSolution
		HideSolutionNode = FALSE
	EndGlobalSection
	GlobalSection(ExtensibilityGlobals) = postSolution
		SolutionGuid = {4029CBC4-D530-4B21-8184-A45DF032EEEA}
	EndGlobalSection
EndGlobal
