
Microsoft Visual Studio Solution File, Format Version 12.00
# Visual Studio Version 17
VisualStudioVersion = 17.1.32421.90
MinimumVisualStudioVersion = 10.0.40219.1
Project("{9A19103F-16F7-4668-BE54-9A1E7A4F7556}") = "MovieTheatreWebApp", "MovieTheatreWebApp.csproj", "{B519613F-A486-4DAE-A835-B7E9462F48DD}"
EndProject
Project("{9A19103F-16F7-4668-BE54-9A1E7A4F7556}") = "TheatreMovieApi", "..\TheatreMovieApi\TheatreMovieApi.csproj", "{5F67CEC7-DF0C-48D8-804E-709B99A672CC}"
EndProject
Project("{9A19103F-16F7-4668-BE54-9A1E7A4F7556}") = "TheatreMovieClassLibrary", "..\TheatreMovieClassLibrary\TheatreMovieClassLibrary.csproj", "{11EE720E-775D-478A-8B09-9501D07CA4EF}"
EndProject
Project("{FAE04EC0-301F-11D3-BF4B-00C04F79EFBC}") = "MovieTestProject", "..\MovieTestProject\MovieTestProject.csproj", "{E5D3058D-D20A-40D6-BB98-76D7F2DCD98F}"
EndProject
Global
	GlobalSection(SolutionConfigurationPlatforms) = preSolution
		Debug|Any CPU = Debug|Any CPU
		Release|Any CPU = Release|Any CPU
	EndGlobalSection
	GlobalSection(ProjectConfigurationPlatforms) = postSolution
		{B519613F-A486-4DAE-A835-B7E9462F48DD}.Debug|Any CPU.ActiveCfg = Debug|Any CPU
		{B519613F-A486-4DAE-A835-B7E9462F48DD}.Debug|Any CPU.Build.0 = Debug|Any CPU
		{B519613F-A486-4DAE-A835-B7E9462F48DD}.Release|Any CPU.ActiveCfg = Release|Any CPU
		{B519613F-A486-4DAE-A835-B7E9462F48DD}.Release|Any CPU.Build.0 = Release|Any CPU
		{5F67CEC7-DF0C-48D8-804E-709B99A672CC}.Debug|Any CPU.ActiveCfg = Debug|Any CPU
		{5F67CEC7-DF0C-48D8-804E-709B99A672CC}.Debug|Any CPU.Build.0 = Debug|Any CPU
		{5F67CEC7-DF0C-48D8-804E-709B99A672CC}.Release|Any CPU.ActiveCfg = Release|Any CPU
		{5F67CEC7-DF0C-48D8-804E-709B99A672CC}.Release|Any CPU.Build.0 = Release|Any CPU
		{11EE720E-775D-478A-8B09-9501D07CA4EF}.Debug|Any CPU.ActiveCfg = Debug|Any CPU
		{11EE720E-775D-478A-8B09-9501D07CA4EF}.Debug|Any CPU.Build.0 = Debug|Any CPU
		{11EE720E-775D-478A-8B09-9501D07CA4EF}.Release|Any CPU.ActiveCfg = Release|Any CPU
		{11EE720E-775D-478A-8B09-9501D07CA4EF}.Release|Any CPU.Build.0 = Release|Any CPU
		{E5D3058D-D20A-40D6-BB98-76D7F2DCD98F}.Debug|Any CPU.ActiveCfg = Debug|Any CPU
		{E5D3058D-D20A-40D6-BB98-76D7F2DCD98F}.Debug|Any CPU.Build.0 = Debug|Any CPU
		{E5D3058D-D20A-40D6-BB98-76D7F2DCD98F}.Release|Any CPU.ActiveCfg = Release|Any CPU
		{E5D3058D-D20A-40D6-BB98-76D7F2DCD98F}.Release|Any CPU.Build.0 = Release|Any CPU
	EndGlobalSection
	GlobalSection(SolutionProperties) = preSolution
		HideSolutionNode = FALSE
	EndGlobalSection
	GlobalSection(ExtensibilityGlobals) = postSolution
		SolutionGuid = {4C04D64E-2EA4-4598-990E-5A4683450A00}
	EndGlobalSection
EndGlobal
